// !$*UTF8*$!
{
	archiveVersion = 1;
	classes = {
	};
	objectVersion = 46;
	objects = {

/* Begin PBXBuildFile section */
		D0382E2B17443D6A00ABCD5A /* UIKit.framework in Frameworks */ = {isa = PBXBuildFile; fileRef = D0382E2A17443D6A00ABCD5A /* UIKit.framework */; };
		D0382E2D17443D6A00ABCD5A /* Foundation.framework in Frameworks */ = {isa = PBXBuildFile; fileRef = D0382E2C17443D6A00ABCD5A /* Foundation.framework */; };
		D0382E2F17443D6A00ABCD5A /* CoreGraphics.framework in Frameworks */ = {isa = PBXBuildFile; fileRef = D0382E2E17443D6A00ABCD5A /* CoreGraphics.framework */; };
		D0382E3517443D6A00ABCD5A /* InfoPlist.strings in Resources */ = {isa = PBXBuildFile; fileRef = D0382E3317443D6A00ABCD5A /* InfoPlist.strings */; };
		D0382E3717443D6A00ABCD5A /* main.m in Sources */ = {isa = PBXBuildFile; fileRef = D0382E3617443D6A00ABCD5A /* main.m */; };
		D0382E3B17443D6A00ABCD5A /* WMAppDelegate.m in Sources */ = {isa = PBXBuildFile; fileRef = D0382E3A17443D6A00ABCD5A /* WMAppDelegate.m */; };
		D0382E3D17443D6A00ABCD5A /* Default.png in Resources */ = {isa = PBXBuildFile; fileRef = D0382E3C17443D6A00ABCD5A /* Default.png */; };
		D0382E3F17443D6A00ABCD5A /* Default@2x.png in Resources */ = {isa = PBXBuildFile; fileRef = D0382E3E17443D6A00ABCD5A /* Default@2x.png */; };
		D0382E4117443D6A00ABCD5A /* Default-568h@2x.png in Resources */ = {isa = PBXBuildFile; fileRef = D0382E4017443D6A00ABCD5A /* Default-568h@2x.png */; };
		D0731531174D990900FB292E /* Storyboard.storyboard in Resources */ = {isa = PBXBuildFile; fileRef = D0731530174D990900FB292E /* Storyboard.storyboard */; };
		D0731536174D996500FB292E /* WMInitialViewController.m in Sources */ = {isa = PBXBuildFile; fileRef = D0731535174D996500FB292E /* WMInitialViewController.m */; };
		D0731539174D9ED400FB292E /* WMAddMembersViewController.m in Sources */ = {isa = PBXBuildFile; fileRef = D0731538174D9ED400FB292E /* WMAddMembersViewController.m */; };
		D073153D174D9F6F00FB292E /* WMNewMemberCell.m in Sources */ = {isa = PBXBuildFile; fileRef = D073153C174D9F6F00FB292E /* WMNewMemberCell.m */; };
		D0731540174DA1CF00FB292E /* WMMemberCell.m in Sources */ = {isa = PBXBuildFile; fileRef = D073153F174DA1CF00FB292E /* WMMemberCell.m */; };
		D0731543174DAF2600FB292E /* WMSpotterViewController.m in Sources */ = {isa = PBXBuildFile; fileRef = D0731542174DAF2600FB292E /* WMSpotterViewController.m */; };
		D0731546174DB2A200FB292E /* WMMember.m in Sources */ = {isa = PBXBuildFile; fileRef = D0731545174DB2A200FB292E /* WMMember.m */; };
		D0731549174DB47C00FB292E /* female-sign.jpg in Resources */ = {isa = PBXBuildFile; fileRef = D0731547174DB47B00FB292E /* female-sign.jpg */; };
		D073154A174DB47C00FB292E /* male-icon.png in Resources */ = {isa = PBXBuildFile; fileRef = D0731548174DB47B00FB292E /* male-icon.png */; };
/* End PBXBuildFile section */

/* Begin PBXFileReference section */
		D0382E2717443D6A00ABCD5A /* wingman.app */ = {isa = PBXFileReference; explicitFileType = wrapper.application; includeInIndex = 0; path = wingman.app; sourceTree = BUILT_PRODUCTS_DIR; };
		D0382E2A17443D6A00ABCD5A /* UIKit.framework */ = {isa = PBXFileReference; lastKnownFileType = wrapper.framework; name = UIKit.framework; path = System/Library/Frameworks/UIKit.framework; sourceTree = SDKROOT; };
		D0382E2C17443D6A00ABCD5A /* Foundation.framework */ = {isa = PBXFileReference; lastKnownFileType = wrapper.framework; name = Foundation.framework; path = System/Library/Frameworks/Foundation.framework; sourceTree = SDKROOT; };
		D0382E2E17443D6A00ABCD5A /* CoreGraphics.framework */ = {isa = PBXFileReference; lastKnownFileType = wrapper.framework; name = CoreGraphics.framework; path = System/Library/Frameworks/CoreGraphics.framework; sourceTree = SDKROOT; };
		D0382E3217443D6A00ABCD5A /* wingman-Info.plist */ = {isa = PBXFileReference; lastKnownFileType = text.plist.xml; path = "wingman-Info.plist"; sourceTree = "<group>"; };
		D0382E3417443D6A00ABCD5A /* en */ = {isa = PBXFileReference; lastKnownFileType = text.plist.strings; name = en; path = en.lproj/InfoPlist.strings; sourceTree = "<group>"; };
		D0382E3617443D6A00ABCD5A /* main.m */ = {isa = PBXFileReference; lastKnownFileType = sourcecode.c.objc; path = main.m; sourceTree = "<group>"; };
		D0382E3817443D6A00ABCD5A /* wingman-Prefix.pch */ = {isa = PBXFileReference; lastKnownFileType = sourcecode.c.h; path = "wingman-Prefix.pch"; sourceTree = "<group>"; };
		D0382E3917443D6A00ABCD5A /* WMAppDelegate.h */ = {isa = PBXFileReference; lastKnownFileType = sourcecode.c.h; path = WMAppDelegate.h; sourceTree = "<group>"; };
		D0382E3A17443D6A00ABCD5A /* WMAppDelegate.m */ = {isa = PBXFileReference; lastKnownFileType = sourcecode.c.objc; path = WMAppDelegate.m; sourceTree = "<group>"; };
		D0382E3C17443D6A00ABCD5A /* Default.png */ = {isa = PBXFileReference; lastKnownFileType = image.png; path = Default.png; sourceTree = "<group>"; };
		D0382E3E17443D6A00ABCD5A /* Default@2x.png */ = {isa = PBXFileReference; lastKnownFileType = image.png; path = "Default@2x.png"; sourceTree = "<group>"; };
		D0382E4017443D6A00ABCD5A /* Default-568h@2x.png */ = {isa = PBXFileReference; lastKnownFileType = image.png; path = "Default-568h@2x.png"; sourceTree = "<group>"; };
		D0731530174D990900FB292E /* Storyboard.storyboard */ = {isa = PBXFileReference; fileEncoding = 4; lastKnownFileType = file.storyboard; path = Storyboard.storyboard; sourceTree = "<group>"; };
		D0731534174D996500FB292E /* WMInitialViewController.h */ = {isa = PBXFileReference; fileEncoding = 4; lastKnownFileType = sourcecode.c.h; path = WMInitialViewController.h; sourceTree = "<group>"; };
		D0731535174D996500FB292E /* WMInitialViewController.m */ = {isa = PBXFileReference; fileEncoding = 4; lastKnownFileType = sourcecode.c.objc; path = WMInitialViewController.m; sourceTree = "<group>"; };
		D0731537174D9ED400FB292E /* WMAddMembersViewController.h */ = {isa = PBXFileReference; fileEncoding = 4; lastKnownFileType = sourcecode.c.h; path = WMAddMembersViewController.h; sourceTree = "<group>"; };
		D0731538174D9ED400FB292E /* WMAddMembersViewController.m */ = {isa = PBXFileReference; fileEncoding = 4; lastKnownFileType = sourcecode.c.objc; path = WMAddMembersViewController.m; sourceTree = "<group>"; };
		D073153B174D9F6F00FB292E /* WMNewMemberCell.h */ = {isa = PBXFileReference; fileEncoding = 4; lastKnownFileType = sourcecode.c.h; path = WMNewMemberCell.h; sourceTree = "<group>"; };
		D073153C174D9F6F00FB292E /* WMNewMemberCell.m */ = {isa = PBXFileReference; fileEncoding = 4; lastKnownFileType = sourcecode.c.objc; path = WMNewMemberCell.m; sourceTree = "<group>"; };
		D073153E174DA1CF00FB292E /* WMMemberCell.h */ = {isa = PBXFileReference; fileEncoding = 4; lastKnownFileType = sourcecode.c.h; path = WMMemberCell.h; sourceTree = "<group>"; };
		D073153F174DA1CF00FB292E /* WMMemberCell.m */ = {isa = PBXFileReference; fileEncoding = 4; lastKnownFileType = sourcecode.c.objc; path = WMMemberCell.m; sourceTree = "<group>"; };
		D0731541174DAF2600FB292E /* WMSpotterViewController.h */ = {isa = PBXFileReference; fileEncoding = 4; lastKnownFileType = sourcecode.c.h; path = WMSpotterViewController.h; sourceTree = "<group>"; };
		D0731542174DAF2600FB292E /* WMSpotterViewController.m */ = {isa = PBXFileReference; fileEncoding = 4; lastKnownFileType = sourcecode.c.objc; path = WMSpotterViewController.m; sourceTree = "<group>"; };
		D0731544174DB2A200FB292E /* WMMember.h */ = {isa = PBXFileReference; fileEncoding = 4; lastKnownFileType = sourcecode.c.h; path = WMMember.h; sourceTree = "<group>"; };
		D0731545174DB2A200FB292E /* WMMember.m */ = {isa = PBXFileReference; fileEncoding = 4; lastKnownFileType = sourcecode.c.objc; path = WMMember.m; sourceTree = "<group>"; };
		D0731547174DB47B00FB292E /* female-sign.jpg */ = {isa = PBXFileReference; lastKnownFileType = image.jpeg; path = "female-sign.jpg"; sourceTree = "<group>"; };
		D0731548174DB47B00FB292E /* male-icon.png */ = {isa = PBXFileReference; lastKnownFileType = image.png; path = "male-icon.png"; sourceTree = "<group>"; };
/* End PBXFileReference section */

/* Begin PBXFrameworksBuildPhase section */
		D0382E2417443D6A00ABCD5A /* Frameworks */ = {
			isa = PBXFrameworksBuildPhase;
			buildActionMask = 2147483647;
			files = (
				D0382E2B17443D6A00ABCD5A /* UIKit.framework in Frameworks */,
				D0382E2D17443D6A00ABCD5A /* Foundation.framework in Frameworks */,
				D0382E2F17443D6A00ABCD5A /* CoreGraphics.framework in Frameworks */,
			);
			runOnlyForDeploymentPostprocessing = 0;
		};
/* End PBXFrameworksBuildPhase section */

/* Begin PBXGroup section */
		D0382E1E17443D6A00ABCD5A = {
			isa = PBXGroup;
			children = (
				D0382E3017443D6A00ABCD5A /* wingman */,
				D0382E2917443D6A00ABCD5A /* Frameworks */,
				D0382E2817443D6A00ABCD5A /* Products */,
			);
			sourceTree = "<group>";
		};
		D0382E2817443D6A00ABCD5A /* Products */ = {
			isa = PBXGroup;
			children = (
				D0382E2717443D6A00ABCD5A /* wingman.app */,
			);
			name = Products;
			sourceTree = "<group>";
		};
		D0382E2917443D6A00ABCD5A /* Frameworks */ = {
			isa = PBXGroup;
			children = (
				D0382E2A17443D6A00ABCD5A /* UIKit.framework */,
				D0382E2C17443D6A00ABCD5A /* Foundation.framework */,
				D0382E2E17443D6A00ABCD5A /* CoreGraphics.framework */,
			);
			name = Frameworks;
			sourceTree = "<group>";
		};
		D0382E3017443D6A00ABCD5A /* wingman */ = {
			isa = PBXGroup;
			children = (
				D0731547174DB47B00FB292E /* female-sign.jpg */,
				D0731548174DB47B00FB292E /* male-icon.png */,
				D0382E3917443D6A00ABCD5A /* WMAppDelegate.h */,
				D0382E3A17443D6A00ABCD5A /* WMAppDelegate.m */,
				D0382E3117443D6A00ABCD5A /* Supporting Files */,
				D0731530174D990900FB292E /* Storyboard.storyboard */,
				D073153A174D9F5900FB292E /* Cells */,
				D0731533174D992300FB292E /* Models */,
				D0731532174D991A00FB292E /* Controllers */,
			);
			path = wingman;
			sourceTree = "<group>";
		};
		D0382E3117443D6A00ABCD5A /* Supporting Files */ = {
			isa = PBXGroup;
			children = (
				D0382E3217443D6A00ABCD5A /* wingman-Info.plist */,
				D0382E3317443D6A00ABCD5A /* InfoPlist.strings */,
				D0382E3617443D6A00ABCD5A /* main.m */,
				D0382E3817443D6A00ABCD5A /* wingman-Prefix.pch */,
				D0382E3C17443D6A00ABCD5A /* Default.png */,
				D0382E3E17443D6A00ABCD5A /* Default@2x.png */,
				D0382E4017443D6A00ABCD5A /* Default-568h@2x.png */,
			);
			name = "Supporting Files";
			sourceTree = "<group>";
		};
		D0731532174D991A00FB292E /* Controllers */ = {
			isa = PBXGroup;
			children = (
				D0731534174D996500FB292E /* WMInitialViewController.h */,
				D0731535174D996500FB292E /* WMInitialViewController.m */,
				D0731537174D9ED400FB292E /* WMAddMembersViewController.h */,
				D0731538174D9ED400FB292E /* WMAddMembersViewController.m */,
				D0731541174DAF2600FB292E /* WMSpotterViewController.h */,
				D0731542174DAF2600FB292E /* WMSpotterViewController.m */,
			);
			name = Controllers;
			sourceTree = "<group>";
		};
		D0731533174D992300FB292E /* Models */ = {
			isa = PBXGroup;
			children = (
				D0731544174DB2A200FB292E /* WMMember.h */,
				D0731545174DB2A200FB292E /* WMMember.m */,
			);
			name = Models;
			sourceTree = "<group>";
		};
		D073153A174D9F5900FB292E /* Cells */ = {
			isa = PBXGroup;
			children = (
				D073153B174D9F6F00FB292E /* WMNewMemberCell.h */,
				D073153C174D9F6F00FB292E /* WMNewMemberCell.m */,
				D073153E174DA1CF00FB292E /* WMMemberCell.h */,
				D073153F174DA1CF00FB292E /* WMMemberCell.m */,
			);
			name = Cells;
			sourceTree = "<group>";
		};
/* End PBXGroup section */

/* Begin PBXNativeTarget section */
		D0382E2617443D6A00ABCD5A /* wingman */ = {
			isa = PBXNativeTarget;
			buildConfigurationList = D0382E4417443D6A00ABCD5A /* Build configuration list for PBXNativeTarget "wingman" */;
			buildPhases = (
				D0382E2317443D6A00ABCD5A /* Sources */,
				D0382E2417443D6A00ABCD5A /* Frameworks */,
				D0382E2517443D6A00ABCD5A /* Resources */,
			);
			buildRules = (
			);
			dependencies = (
			);
			name = wingman;
			productName = wingman;
			productReference = D0382E2717443D6A00ABCD5A /* wingman.app */;
			productType = "com.apple.product-type.application";
		};
/* End PBXNativeTarget section */

/* Begin PBXProject section */
		D0382E1F17443D6A00ABCD5A /* Project object */ = {
			isa = PBXProject;
			attributes = {
				CLASSPREFIX = WM;
				LastUpgradeCheck = 0460;
				ORGANIZATIONNAME = "Two Wing Productions";
			};
			buildConfigurationList = D0382E2217443D6A00ABCD5A /* Build configuration list for PBXProject "wingman" */;
			compatibilityVersion = "Xcode 3.2";
			developmentRegion = English;
			hasScannedForEncodings = 0;
			knownRegions = (
				en,
			);
			mainGroup = D0382E1E17443D6A00ABCD5A;
			productRefGroup = D0382E2817443D6A00ABCD5A /* Products */;
			projectDirPath = "";
			projectRoot = "";
			targets = (
				D0382E2617443D6A00ABCD5A /* wingman */,
			);
		};
/* End PBXProject section */

/* Begin PBXResourcesBuildPhase section */
		D0382E2517443D6A00ABCD5A /* Resources */ = {
			isa = PBXResourcesBuildPhase;
			buildActionMask = 2147483647;
			files = (
				D0382E3517443D6A00ABCD5A /* InfoPlist.strings in Resources */,
				D0382E3D17443D6A00ABCD5A /* Default.png in Resources */,
				D0382E3F17443D6A00ABCD5A /* Default@2x.png in Resources */,
				D0382E4117443D6A00ABCD5A /* Default-568h@2x.png in Resources */,
				D0731531174D990900FB292E /* Storyboard.storyboard in Resources */,
				D0731549174DB47C00FB292E /* female-sign.jpg in Resources */,
				D073154A174DB47C00FB292E /* male-icon.png in Resources */,
			);
			runOnlyForDeploymentPostprocessing = 0;
		};
/* End PBXResourcesBuildPhase section */

/* Begin PBXSourcesBuildPhase section */
		D0382E2317443D6A00ABCD5A /* Sources */ = {
			isa = PBXSourcesBuildPhase;
			buildActionMask = 2147483647;
			files = (
				D0382E3717443D6A00ABCD5A /* main.m in Sources */,
				D0382E3B17443D6A00ABCD5A /* WMAppDelegate.m in Sources */,
				D0731536174D996500FB292E /* WMInitialViewController.m in Sources */,
				D0731539174D9ED400FB292E /* WMAddMembersViewController.m in Sources */,
				D073153D174D9F6F00FB292E /* WMNewMemberCell.m in Sources */,
				D0731540174DA1CF00FB292E /* WMMemberCell.m in Sources */,
				D0731543174DAF2600FB292E /* WMSpotterViewController.m in Sources */,
				D0731546174DB2A200FB292E /* WMMember.m in Sources */,
			);
			runOnlyForDeploymentPostprocessing = 0;
		};
/* End PBXSourcesBuildPhase section */

/* Begin PBXVariantGroup section */
		D0382E3317443D6A00ABCD5A /* InfoPlist.strings */ = {
			isa = PBXVariantGroup;
			children = (
				D0382E3417443D6A00ABCD5A /* en */,
			);
			name = InfoPlist.strings;
			sourceTree = "<group>";
		};
/* End PBXVariantGroup section */

/* Begin XCBuildConfiguration section */
		D0382E4217443D6A00ABCD5A /* Debug */ = {
			isa = XCBuildConfiguration;
			buildSettings = {
				ALWAYS_SEARCH_USER_PATHS = NO;
				CLANG_CXX_LANGUAGE_STANDARD = "gnu++0x";
				CLANG_CXX_LIBRARY = "libc++";
				CLANG_ENABLE_OBJC_ARC = YES;
				CLANG_WARN_CONSTANT_CONVERSION = YES;
				CLANG_WARN_EMPTY_BODY = YES;
				CLANG_WARN_ENUM_CONVERSION = YES;
				CLANG_WARN_INT_CONVERSION = YES;
				CLANG_WARN__DUPLICATE_METHOD_MATCH = YES;
				"CODE_SIGN_IDENTITY[sdk=iphoneos*]" = "iPhone Developer";
				COPY_PHASE_STRIP = NO;
				GCC_C_LANGUAGE_STANDARD = gnu99;
				GCC_DYNAMIC_NO_PIC = NO;
				GCC_OPTIMIZATION_LEVEL = 0;
				GCC_PREPROCESSOR_DEFINITIONS = (
					"DEBUG=1",
					"$(inherited)",
				);
				GCC_SYMBOLS_PRIVATE_EXTERN = NO;
				GCC_WARN_ABOUT_RETURN_TYPE = YES;
				GCC_WARN_UNINITIALIZED_AUTOS = YES;
				GCC_WARN_UNUSED_VARIABLE = YES;
				IPHONEOS_DEPLOYMENT_TARGET = 6.1;
				ONLY_ACTIVE_ARCH = YES;
				SDKROOT = iphoneos;
			};
			name = Debug;
		};
		D0382E4317443D6A00ABCD5A /* Release */ = {
			isa = XCBuildConfiguration;
			buildSettings = {
				ALWAYS_SEARCH_USER_PATHS = NO;
				CLANG_CXX_LANGUAGE_STANDARD = "gnu++0x";
				CLANG_CXX_LIBRARY = "libc++";
				CLANG_ENABLE_OBJC_ARC = YES;
				CLANG_WARN_CONSTANT_CONVERSION = YES;
				CLANG_WARN_EMPTY_BODY = YES;
				CLANG_WARN_ENUM_CONVERSION = YES;
				CLANG_WARN_INT_CONVERSION = YES;
				CLANG_WARN__DUPLICATE_METHOD_MATCH = YES;
				"CODE_SIGN_IDENTITY[sdk=iphoneos*]" = "iPhone Developer";
				COPY_PHASE_STRIP = YES;
				GCC_C_LANGUAGE_STANDARD = gnu99;
				GCC_WARN_ABOUT_RETURN_TYPE = YES;
				GCC_WARN_UNINITIALIZED_AUTOS = YES;
				GCC_WARN_UNUSED_VARIABLE = YES;
				IPHONEOS_DEPLOYMENT_TARGET = 6.1;
				OTHER_CFLAGS = "-DNS_BLOCK_ASSERTIONS=1";
				SDKROOT = iphoneos;
				VALIDATE_PRODUCT = YES;
			};
			name = Release;
		};
		D0382E4517443D6A00ABCD5A /* Debug */ = {
			isa = XCBuildConfiguration;
			buildSettings = {
				GCC_PRECOMPILE_PREFIX_HEADER = YES;
				GCC_PREFIX_HEADER = "wingman/wingman-Prefix.pch";
				INFOPLIST_FILE = "wingman/wingman-Info.plist";
				PRODUCT_NAME = "$(TARGET_NAME)";
				WRAPPER_EXTENSION = app;
			};
			name = Debug;
		};
		D0382E4617443D6A00ABCD5A /* Release */ = {
			isa = XCBuildConfiguration;
			buildSettings = {
				GCC_PRECOMPILE_PREFIX_HEADER = YES;
				GCC_PREFIX_HEADER = "wingman/wingman-Prefix.pch";
				INFOPLIST_FILE = "wingman/wingman-Info.plist";
				PRODUCT_NAME = "$(TARGET_NAME)";
				WRAPPER_EXTENSION = app;
			};
			name = Release;
		};
/* End XCBuildConfiguration section */

/* Begin XCConfigurationList section */
		D0382E2217443D6A00ABCD5A /* Build configuration list for PBXProject "wingman" */ = {
			isa = XCConfigurationList;
			buildConfigurations = (
				D0382E4217443D6A00ABCD5A /* Debug */,
				D0382E4317443D6A00ABCD5A /* Release */,
			);
			defaultConfigurationIsVisible = 0;
			defaultConfigurationName = Release;
		};
		D0382E4417443D6A00ABCD5A /* Build configuration list for PBXNativeTarget "wingman" */ = {
			isa = XCConfigurationList;
			buildConfigurations = (
				D0382E4517443D6A00ABCD5A /* Debug */,
				D0382E4617443D6A00ABCD5A /* Release */,
			);
			defaultConfigurationIsVisible = 0;
			defaultConfigurationName = Release;
		};
/* End XCConfigurationList section */
	};
	rootObject = D0382E1F17443D6A00ABCD5A /* Project object */;
}
